
Microsoft Visual Studio Solution File, Format Version 12.00
# Visual Studio Version 17
VisualStudioVersion = 17.2.32519.379
MinimumVisualStudioVersion = 10.0.40219.1
Project("{FAE04EC0-301F-11D3-BF4B-00C04F79EFBC}") = "library", "library\library.csproj", "{203673DE-3D51-424D-8E57-DB1F0B6E2DD2}"
EndProject
Global
	GlobalSection(SolutionConfigurationPlatforms) = preSolution
		Debug|Any CPU = Debug|Any CPU
		Release|Any CPU = Release|Any CPU
	EndGlobalSection
	GlobalSection(ProjectConfigurationPlatforms) = postSolution
		{203673DE-3D51-424D-8E57-DB1F0B6E2DD2}.Debug|Any CPU.ActiveCfg = Debug|Any CPU
		{203673DE-3D51-424D-8E57-DB1F0B6E2DD2}.Debug|Any CPU.Build.0 = Debug|Any CPU
		{203673DE-3D51-424D-8E57-DB1F0B6E2DD2}.Release|Any CPU.ActiveCfg = Release|Any CPU
		{203673DE-3D51-424D-8E57-DB1F0B6E2DD2}.Release|Any CPU.Build.0 = Release|Any CPU
	EndGlobalSection
	GlobalSection(SolutionProperties) = preSolution
		HideSolutionNode = FALSE
	EndGlobalSection
	GlobalSection(ExtensibilityGlobals) = postSolution
		SolutionGuid = {8AE2D300-2F50-41A4-B4CE-A27F9E8BDC3D}
	EndGlobalSection
EndGlobal
